
Microsoft Visual Studio Solution File, Format Version 12.00
# Visual Studio 15
VisualStudioVersion = 15.0.28307.1267
MinimumVisualStudioVersion = 10.0.40219.1
Project("{FAE04EC0-301F-11D3-BF4B-00C04F79EFBC}") = "UnityProjectTranslationTool", "UnityProjectTranslationTool\UnityProjectTranslationTool.csproj", "{A99E8905-E595-4C49-A848-44D8BAFD19C7}"
EndProject
Global
	GlobalSection(SolutionConfigurationPlatforms) = preSolution
		Debug|Any CPU = Debug|Any CPU
		Release|Any CPU = Release|Any CPU
	EndGlobalSection
	GlobalSection(ProjectConfigurationPlatforms) = postSolution
		{A99E8905-E595-4C49-A848-44D8BAFD19C7}.Debug|Any CPU.ActiveCfg = Release|Any CPU
		{A99E8905-E595-4C49-A848-44D8BAFD19C7}.Debug|Any CPU.Build.0 = Release|Any CPU
		{A99E8905-E595-4C49-A848-44D8BAFD19C7}.Release|Any CPU.ActiveCfg = Release|Any CPU
		{A99E8905-E595-4C49-A848-44D8BAFD19C7}.Release|Any CPU.Build.0 = Release|Any CPU
	EndGlobalSection
	GlobalSection(SolutionProperties) = preSolution
		HideSolutionNode = FALSE
	EndGlobalSection
	GlobalSection(ExtensibilityGlobals) = postSolution
		SolutionGuid = {26EA8CA7-2EE0-499D-B9DF-C7AF66959357}
	EndGlobalSection
EndGlobal
